{
  "originHash" : "62439ce99bb0058614443670b9f4793435eb245b4e52198e588f24f0d53f5a74",
  "pins" : [
    {
      "identity" : "keystore-ios",
      "kind" : "remoteSourceControl",
      "location" : "https://github.com/novasamatech/Keystore-iOS",
      "state" : {
        "revision" : "069ccbe1bec3ffafefaeb8a269291d11f6111b04",
        "version" : "1.0.1"
      }
    },
    {
      "identity" : "logger-ios",
      "kind" : "remoteSourceControl",
      "location" : "https://github.com/novasamatech/logger-ios",
      "state" : {
        "revision" : "067337bd88bcb3fe61b208bc3050fa2e22670340",
        "version" : "0.1.0"
      }
    },
    {
      "identity" : "operation-ios",
      "kind" : "remoteSourceControl",
      "location" : "https://github.com/novasamatech/Operation-iOS",
      "state" : {
        "revision" : "41c976890b2eea5a54235ac4bf09acc19e0a8fb9",
        "version" : "3.1.0"
      }
    }
  ],
  "version" : 3
}
