{
  "originHash" : "56292b44348074c774c5e71f4c5ebfd9ec450bdba8c42d5abc9485cefc5fe973",
  "pins" : [
    {
      "identity" : "keystore-ios",
      "kind" : "remoteSourceControl",
      "location" : "https://github.com/novasamatech/Keystore-iOS",
      "state" : {
        "revision" : "069ccbe1bec3ffafefaeb8a269291d11f6111b04",
        "version" : "1.0.1"
      }
    },
    {
      "identity" : "logger-ios",
      "kind" : "remoteSourceControl",
      "location" : "https://github.com/novasamatech/logger-ios",
      "state" : {
        "revision" : "cafece8626141b4430ddc8d5288d3444abd122de",
        "version" : "0.0.1"
      }
    },
    {
      "identity" : "operation-ios",
      "kind" : "remoteSourceControl",
      "location" : "https://github.com/novasamatech/Operation-iOS",
      "state" : {
        "revision" : "1a5d000abb70f52920a130d9264278dbd645fdd1",
        "version" : "2.4.0"
      }
    }
  ],
  "version" : 3
}
