{
  "originHash" : "2a4b07b5cc0c96e8d29bf981f1f5b24fdeadd0699f821584f9f03805ecdbc9b9",
  "pins" : [
    {
      "identity" : "keystore-ios",
      "kind" : "remoteSourceControl",
      "location" : "https://github.com/novasamatech/Keystore-iOS",
      "state" : {
        "revision" : "069ccbe1bec3ffafefaeb8a269291d11f6111b04",
        "version" : "1.0.1"
      }
    },
    {
      "identity" : "logger-ios",
      "kind" : "remoteSourceControl",
      "location" : "https://github.com/novasamatech/logger-ios",
      "state" : {
        "revision" : "067337bd88bcb3fe61b208bc3050fa2e22670340",
        "version" : "0.1.0"
      }
    },
    {
      "identity" : "operation-ios",
      "kind" : "remoteSourceControl",
      "location" : "https://github.com/novasamatech/Operation-iOS",
      "state" : {
        "revision" : "b26b43a3c6d7f8d3622da0856119b88299a9c691",
        "version" : "3.0.0"
      }
    }
  ],
  "version" : 3
}
